// !$*UTF8*$!
{
	archiveVersion = 1;
	classes = {
	};
	objectVersion = 50;
	objects = {

/* Begin PBXBuildFile section */
		6B1F204E2577DB6800344B97 /* LATVCell1.swift in Sources */ = {isa = PBXBuildFile; fileRef = 6B1F204C2577DB6800344B97 /* LATVCell1.swift */; };
		6B1F204F2577DB6800344B97 /* LATVCell1.xib in Resources */ = {isa = PBXBuildFile; fileRef = 6B1F204D2577DB6800344B97 /* LATVCell1.xib */; };
		6B1F2056257890A100344B97 /* SquareTVCell.swift in Sources */ = {isa = PBXBuildFile; fileRef = 6B1F2054257890A100344B97 /* SquareTVCell.swift */; };
		6B1F2057257890A100344B97 /* SquareTVCell.xib in Resources */ = {isa = PBXBuildFile; fileRef = 6B1F2055257890A100344B97 /* SquareTVCell.xib */; };
		6B43C38C2574CCB600D0116E /* MainCVCell.swift in Sources */ = {isa = PBXBuildFile; fileRef = 6B43C38A2574CCB600D0116E /* MainCVCell.swift */; };
		6B43C38D2574CCB600D0116E /* MainCVCell.xib in Resources */ = {isa = PBXBuildFile; fileRef = 6B43C38B2574CCB600D0116E /* MainCVCell.xib */; };
		6B4A1EBB257293D900E51F15 /* LATableCell3.swift in Sources */ = {isa = PBXBuildFile; fileRef = 6B4A1EBA257293D900E51F15 /* LATableCell3.swift */; };
		6B4A1EBF257293E400E51F15 /* LATableCell4.swift in Sources */ = {isa = PBXBuildFile; fileRef = 6B4A1EBE257293E400E51F15 /* LATableCell4.swift */; };
		6B59C4DD257142310078448B /* LATableCell2.swift in Sources */ = {isa = PBXBuildFile; fileRef = 6B59C4DC257142310078448B /* LATableCell2.swift */; };
		6B74D6A3257A4A3900AB9F34 /* RectangleTVCell.swift in Sources */ = {isa = PBXBuildFile; fileRef = 6B74D6A1257A4A3900AB9F34 /* RectangleTVCell.swift */; };
		6B74D6A4257A4A3900AB9F34 /* RectangleTVCell.xib in Resources */ = {isa = PBXBuildFile; fileRef = 6B74D6A2257A4A3900AB9F34 /* RectangleTVCell.xib */; };
		6B74D6A8257A4C1A00AB9F34 /* RectangleCVCell.swift in Sources */ = {isa = PBXBuildFile; fileRef = 6B74D6A6257A4C1A00AB9F34 /* RectangleCVCell.swift */; };
		6B74D6A9257A4C1A00AB9F34 /* RectangleCVCell.xib in Resources */ = {isa = PBXBuildFile; fileRef = 6B74D6A7257A4C1A00AB9F34 /* RectangleCVCell.xib */; };
		6B772A0A25766F8A004CF8B0 /* TabBar.storyboard in Resources */ = {isa = PBXBuildFile; fileRef = 6B772A0925766F8A004CF8B0 /* TabBar.storyboard */; };
		6B772A112576705D004CF8B0 /* TabBarVC.swift in Sources */ = {isa = PBXBuildFile; fileRef = 6B772A102576705D004CF8B0 /* TabBarVC.swift */; };
		6BC466D7257357CD0010F5A3 /* LATableCell5.swift in Sources */ = {isa = PBXBuildFile; fileRef = 6BC466D6257357CD0010F5A3 /* LATableCell5.swift */; };
		6BC466DA257357D70010F5A3 /* LATableCell6.swift in Sources */ = {isa = PBXBuildFile; fileRef = 6BC466D9257357D70010F5A3 /* LATableCell6.swift */; };
		6BC466DD257357E00010F5A3 /* LATableCell7.swift in Sources */ = {isa = PBXBuildFile; fileRef = 6BC466DC257357E00010F5A3 /* LATableCell7.swift */; };
		6BC466E0257357EA0010F5A3 /* LATableCell8.swift in Sources */ = {isa = PBXBuildFile; fileRef = 6BC466DF257357EA0010F5A3 /* LATableCell8.swift */; };
		6BC466E3257357F70010F5A3 /* LATableCell9.swift in Sources */ = {isa = PBXBuildFile; fileRef = 6BC466E2257357F70010F5A3 /* LATableCell9.swift */; };
		6BC466E725735C8D0010F5A3 /* SquareCVCell.swift in Sources */ = {isa = PBXBuildFile; fileRef = 6BC466E525735C8D0010F5A3 /* SquareCVCell.swift */; };
		6BC466E825735C8D0010F5A3 /* SquareCVCell.xib in Resources */ = {isa = PBXBuildFile; fileRef = 6BC466E625735C8D0010F5A3 /* SquareCVCell.xib */; };
		6BCE8C11256B879200461445 /* AppDelegate.swift in Sources */ = {isa = PBXBuildFile; fileRef = 6BCE8C10256B879200461445 /* AppDelegate.swift */; };
		6BCE8C13256B879200461445 /* SceneDelegate.swift in Sources */ = {isa = PBXBuildFile; fileRef = 6BCE8C12256B879200461445 /* SceneDelegate.swift */; };
		6BCE8C15256B879200461445 /* ViewController.swift in Sources */ = {isa = PBXBuildFile; fileRef = 6BCE8C14256B879200461445 /* ViewController.swift */; };
		6BCE8C18256B879200461445 /* Main.storyboard in Resources */ = {isa = PBXBuildFile; fileRef = 6BCE8C16256B879200461445 /* Main.storyboard */; };
		6BCE8C1A256B879300461445 /* Assets.xcassets in Resources */ = {isa = PBXBuildFile; fileRef = 6BCE8C19256B879300461445 /* Assets.xcassets */; };
		6BCE8C1D256B879300461445 /* LaunchScreen.storyboard in Resources */ = {isa = PBXBuildFile; fileRef = 6BCE8C1B256B879300461445 /* LaunchScreen.storyboard */; };
		6BCE8C2A256B89F900461445 /* LookAround.storyboard in Resources */ = {isa = PBXBuildFile; fileRef = 6BCE8C29256B89F900461445 /* LookAround.storyboard */; };
		6BCE8C2D256B8A1100461445 /* LookAroundVC.swift in Sources */ = {isa = PBXBuildFile; fileRef = 6BCE8C2C256B8A1100461445 /* LookAroundVC.swift */; };
		6BCE8C32256B8B5E00461445 /* LATableTitleCell.swift in Sources */ = {isa = PBXBuildFile; fileRef = 6BCE8C31256B8B5E00461445 /* LATableTitleCell.swift */; };
		6BCE8C35256B937800461445 /* LATableCell1.swift in Sources */ = {isa = PBXBuildFile; fileRef = 6BCE8C34256B937800461445 /* LATableCell1.swift */; };
		6BCE8C38256B94F300461445 /* FirstCollectionCell.swift in Sources */ = {isa = PBXBuildFile; fileRef = 6BCE8C37256B94F300461445 /* FirstCollectionCell.swift */; };
		6BCE8C41256BFF4D00461445 /* FirstCollection.storyboard in Resources */ = {isa = PBXBuildFile; fileRef = 6BCE8C40256BFF4D00461445 /* FirstCollection.storyboard */; };
		6BCE8C44256BFFAD00461445 /* FirstCollectionVC.swift in Sources */ = {isa = PBXBuildFile; fileRef = 6BCE8C43256BFFAD00461445 /* FirstCollectionVC.swift */; };
		6BCE8C47256C02BF00461445 /* LATableViewController.swift in Sources */ = {isa = PBXBuildFile; fileRef = 6BCE8C46256C02BF00461445 /* LATableViewController.swift */; };
/* End PBXBuildFile section */

/* Begin PBXFileReference section */
		6B1F204C2577DB6800344B97 /* LATVCell1.swift */ = {isa = PBXFileReference; lastKnownFileType = sourcecode.swift; path = LATVCell1.swift; sourceTree = "<group>"; };
		6B1F204D2577DB6800344B97 /* LATVCell1.xib */ = {isa = PBXFileReference; lastKnownFileType = file.xib; path = LATVCell1.xib; sourceTree = "<group>"; };
		6B1F2054257890A100344B97 /* SquareTVCell.swift */ = {isa = PBXFileReference; lastKnownFileType = sourcecode.swift; path = SquareTVCell.swift; sourceTree = "<group>"; };
		6B1F2055257890A100344B97 /* SquareTVCell.xib */ = {isa = PBXFileReference; lastKnownFileType = file.xib; path = SquareTVCell.xib; sourceTree = "<group>"; };
		6B43C38A2574CCB600D0116E /* MainCVCell.swift */ = {isa = PBXFileReference; lastKnownFileType = sourcecode.swift; path = MainCVCell.swift; sourceTree = "<group>"; };
		6B43C38B2574CCB600D0116E /* MainCVCell.xib */ = {isa = PBXFileReference; lastKnownFileType = file.xib; path = MainCVCell.xib; sourceTree = "<group>"; };
		6B4A1EBA257293D900E51F15 /* LATableCell3.swift */ = {isa = PBXFileReference; lastKnownFileType = sourcecode.swift; path = LATableCell3.swift; sourceTree = "<group>"; };
		6B4A1EBE257293E400E51F15 /* LATableCell4.swift */ = {isa = PBXFileReference; lastKnownFileType = sourcecode.swift; path = LATableCell4.swift; sourceTree = "<group>"; };
		6B59C4DC257142310078448B /* LATableCell2.swift */ = {isa = PBXFileReference; lastKnownFileType = sourcecode.swift; path = LATableCell2.swift; sourceTree = "<group>"; };
		6B74D6A1257A4A3900AB9F34 /* RectangleTVCell.swift */ = {isa = PBXFileReference; lastKnownFileType = sourcecode.swift; path = RectangleTVCell.swift; sourceTree = "<group>"; };
		6B74D6A2257A4A3900AB9F34 /* RectangleTVCell.xib */ = {isa = PBXFileReference; lastKnownFileType = file.xib; path = RectangleTVCell.xib; sourceTree = "<group>"; };
		6B74D6A6257A4C1A00AB9F34 /* RectangleCVCell.swift */ = {isa = PBXFileReference; lastKnownFileType = sourcecode.swift; path = RectangleCVCell.swift; sourceTree = "<group>"; };
		6B74D6A7257A4C1A00AB9F34 /* RectangleCVCell.xib */ = {isa = PBXFileReference; lastKnownFileType = file.xib; path = RectangleCVCell.xib; sourceTree = "<group>"; };
		6B772A0925766F8A004CF8B0 /* TabBar.storyboard */ = {isa = PBXFileReference; lastKnownFileType = file.storyboard; path = TabBar.storyboard; sourceTree = "<group>"; };
		6B772A102576705D004CF8B0 /* TabBarVC.swift */ = {isa = PBXFileReference; lastKnownFileType = sourcecode.swift; path = TabBarVC.swift; sourceTree = "<group>"; };
		6BC466D6257357CD0010F5A3 /* LATableCell5.swift */ = {isa = PBXFileReference; lastKnownFileType = sourcecode.swift; path = LATableCell5.swift; sourceTree = "<group>"; };
		6BC466D9257357D70010F5A3 /* LATableCell6.swift */ = {isa = PBXFileReference; lastKnownFileType = sourcecode.swift; path = LATableCell6.swift; sourceTree = "<group>"; };
		6BC466DC257357E00010F5A3 /* LATableCell7.swift */ = {isa = PBXFileReference; lastKnownFileType = sourcecode.swift; path = LATableCell7.swift; sourceTree = "<group>"; };
		6BC466DF257357EA0010F5A3 /* LATableCell8.swift */ = {isa = PBXFileReference; lastKnownFileType = sourcecode.swift; path = LATableCell8.swift; sourceTree = "<group>"; };
		6BC466E2257357F70010F5A3 /* LATableCell9.swift */ = {isa = PBXFileReference; lastKnownFileType = sourcecode.swift; path = LATableCell9.swift; sourceTree = "<group>"; };
		6BC466E525735C8D0010F5A3 /* SquareCVCell.swift */ = {isa = PBXFileReference; lastKnownFileType = sourcecode.swift; name = SquareCVCell.swift; path = AppleMusic/Sources/Cells/Table/SquareCVCell.swift; sourceTree = SOURCE_ROOT; };
		6BC466E625735C8D0010F5A3 /* SquareCVCell.xib */ = {isa = PBXFileReference; lastKnownFileType = file.xib; name = SquareCVCell.xib; path = AppleMusic/Sources/Cells/Table/SquareCVCell.xib; sourceTree = SOURCE_ROOT; };
		6BCE8C0D256B879200461445 /* AppleMusic.app */ = {isa = PBXFileReference; explicitFileType = wrapper.application; includeInIndex = 0; path = AppleMusic.app; sourceTree = BUILT_PRODUCTS_DIR; };
		6BCE8C10256B879200461445 /* AppDelegate.swift */ = {isa = PBXFileReference; lastKnownFileType = sourcecode.swift; path = AppDelegate.swift; sourceTree = "<group>"; };
		6BCE8C12256B879200461445 /* SceneDelegate.swift */ = {isa = PBXFileReference; lastKnownFileType = sourcecode.swift; path = SceneDelegate.swift; sourceTree = "<group>"; };
		6BCE8C14256B879200461445 /* ViewController.swift */ = {isa = PBXFileReference; lastKnownFileType = sourcecode.swift; path = ViewController.swift; sourceTree = "<group>"; };
		6BCE8C17256B879200461445 /* Base */ = {isa = PBXFileReference; lastKnownFileType = file.storyboard; name = Base; path = Base.lproj/Main.storyboard; sourceTree = "<group>"; };
		6BCE8C19256B879300461445 /* Assets.xcassets */ = {isa = PBXFileReference; lastKnownFileType = folder.assetcatalog; path = Assets.xcassets; sourceTree = "<group>"; };
		6BCE8C1C256B879300461445 /* Base */ = {isa = PBXFileReference; lastKnownFileType = file.storyboard; name = Base; path = Base.lproj/LaunchScreen.storyboard; sourceTree = "<group>"; };
		6BCE8C1E256B879300461445 /* Info.plist */ = {isa = PBXFileReference; lastKnownFileType = text.plist.xml; path = Info.plist; sourceTree = "<group>"; };
		6BCE8C29256B89F900461445 /* LookAround.storyboard */ = {isa = PBXFileReference; lastKnownFileType = file.storyboard; path = LookAround.storyboard; sourceTree = "<group>"; };
		6BCE8C2C256B8A1100461445 /* LookAroundVC.swift */ = {isa = PBXFileReference; lastKnownFileType = sourcecode.swift; path = LookAroundVC.swift; sourceTree = "<group>"; };
		6BCE8C31256B8B5E00461445 /* LATableTitleCell.swift */ = {isa = PBXFileReference; lastKnownFileType = sourcecode.swift; path = LATableTitleCell.swift; sourceTree = "<group>"; };
		6BCE8C34256B937800461445 /* LATableCell1.swift */ = {isa = PBXFileReference; lastKnownFileType = sourcecode.swift; path = LATableCell1.swift; sourceTree = "<group>"; };
		6BCE8C37256B94F300461445 /* FirstCollectionCell.swift */ = {isa = PBXFileReference; lastKnownFileType = sourcecode.swift; path = FirstCollectionCell.swift; sourceTree = "<group>"; };
		6BCE8C40256BFF4D00461445 /* FirstCollection.storyboard */ = {isa = PBXFileReference; lastKnownFileType = file.storyboard; path = FirstCollection.storyboard; sourceTree = "<group>"; };
		6BCE8C43256BFFAD00461445 /* FirstCollectionVC.swift */ = {isa = PBXFileReference; lastKnownFileType = sourcecode.swift; path = FirstCollectionVC.swift; sourceTree = "<group>"; };
		6BCE8C46256C02BF00461445 /* LATableViewController.swift */ = {isa = PBXFileReference; lastKnownFileType = sourcecode.swift; path = LATableViewController.swift; sourceTree = "<group>"; };
/* End PBXFileReference section */

/* Begin PBXFrameworksBuildPhase section */
		6BCE8C0A256B879200461445 /* Frameworks */ = {
			isa = PBXFrameworksBuildPhase;
			buildActionMask = 2147483647;
			files = (
			);
			runOnlyForDeploymentPostprocessing = 0;
		};
/* End PBXFrameworksBuildPhase section */

/* Begin PBXGroup section */
		6B1F20512578902400344B97 /* LATableCell */ = {
			isa = PBXGroup;
			children = (
				6BCE8C31256B8B5E00461445 /* LATableTitleCell.swift */,
				6BCE8C34256B937800461445 /* LATableCell1.swift */,
				6B59C4DC257142310078448B /* LATableCell2.swift */,
				6B4A1EBA257293D900E51F15 /* LATableCell3.swift */,
				6B4A1EBE257293E400E51F15 /* LATableCell4.swift */,
				6BC466D6257357CD0010F5A3 /* LATableCell5.swift */,
				6BC466D9257357D70010F5A3 /* LATableCell6.swift */,
				6BC466DC257357E00010F5A3 /* LATableCell7.swift */,
				6BC466DF257357EA0010F5A3 /* LATableCell8.swift */,
				6BC466E2257357F70010F5A3 /* LATableCell9.swift */,
			);
			path = LATableCell;
			sourceTree = "<group>";
		};
		6B4A1EB8257293A400E51F15 /* Table */ = {
			isa = PBXGroup;
			children = (
				6B1F20512578902400344B97 /* LATableCell */,
				6B1F204C2577DB6800344B97 /* LATVCell1.swift */,
				6B1F204D2577DB6800344B97 /* LATVCell1.xib */,
				6B1F2054257890A100344B97 /* SquareTVCell.swift */,
				6B1F2055257890A100344B97 /* SquareTVCell.xib */,
				6B74D6A1257A4A3900AB9F34 /* RectangleTVCell.swift */,
				6B74D6A2257A4A3900AB9F34 /* RectangleTVCell.xib */,
			);
			path = Table;
			sourceTree = "<group>";
		};
		6B4A1EB9257293B500E51F15 /* Collection */ = {
			isa = PBXGroup;
			children = (
				6BC466E525735C8D0010F5A3 /* SquareCVCell.swift */,
				6BC466E625735C8D0010F5A3 /* SquareCVCell.xib */,
				6BCE8C37256B94F300461445 /* FirstCollectionCell.swift */,
				6B43C38A2574CCB600D0116E /* MainCVCell.swift */,
				6B43C38B2574CCB600D0116E /* MainCVCell.xib */,
				6B74D6A6257A4C1A00AB9F34 /* RectangleCVCell.swift */,
				6B74D6A7257A4C1A00AB9F34 /* RectangleCVCell.xib */,
			);
			path = Collection;
			sourceTree = "<group>";
		};
		6BCE8C04256B879200461445 = {
			isa = PBXGroup;
			children = (
				6BCE8C0F256B879200461445 /* AppleMusic */,
				6BCE8C0E256B879200461445 /* Products */,
			);
			sourceTree = "<group>";
		};
		6BCE8C0E256B879200461445 /* Products */ = {
			isa = PBXGroup;
			children = (
				6BCE8C0D256B879200461445 /* AppleMusic.app */,
			);
			name = Products;
			sourceTree = "<group>";
		};
		6BCE8C0F256B879200461445 /* AppleMusic */ = {
			isa = PBXGroup;
			children = (
				6BCE8C26256B87B000461445 /* Resources */,
				6BCE8C27256B885C00461445 /* Sources */,
				6BCE8C1E256B879300461445 /* Info.plist */,
			);
			path = AppleMusic;
			sourceTree = "<group>";
		};
		6BCE8C25256B87A100461445 /* Storyboards */ = {
			isa = PBXGroup;
			children = (
				6BCE8C1B256B879300461445 /* LaunchScreen.storyboard */,
				6BCE8C16256B879200461445 /* Main.storyboard */,
				6BCE8C29256B89F900461445 /* LookAround.storyboard */,
				6BCE8C40256BFF4D00461445 /* FirstCollection.storyboard */,
				6B772A0925766F8A004CF8B0 /* TabBar.storyboard */,
			);
			path = Storyboards;
			sourceTree = "<group>";
		};
		6BCE8C26256B87B000461445 /* Resources */ = {
			isa = PBXGroup;
			children = (
				6BCE8C10256B879200461445 /* AppDelegate.swift */,
				6BCE8C12256B879200461445 /* SceneDelegate.swift */,
				6BCE8C25256B87A100461445 /* Storyboards */,
				6BCE8C19256B879300461445 /* Assets.xcassets */,
			);
			path = Resources;
			sourceTree = "<group>";
		};
		6BCE8C27256B885C00461445 /* Sources */ = {
			isa = PBXGroup;
			children = (
				6BCE8C2F256B8B1500461445 /* Cells */,
				6BCE8C28256B888000461445 /* VCs */,
			);
			path = Sources;
			sourceTree = "<group>";
		};
		6BCE8C28256B888000461445 /* VCs */ = {
			isa = PBXGroup;
			children = (
				6BCE8C14256B879200461445 /* ViewController.swift */,
				6BCE8C2C256B8A1100461445 /* LookAroundVC.swift */,
				6BCE8C43256BFFAD00461445 /* FirstCollectionVC.swift */,
				6BCE8C46256C02BF00461445 /* LATableViewController.swift */,
				6B772A102576705D004CF8B0 /* TabBarVC.swift */,
			);
			path = VCs;
			sourceTree = "<group>";
		};
		6BCE8C2F256B8B1500461445 /* Cells */ = {
			isa = PBXGroup;
			children = (
				6B4A1EB8257293A400E51F15 /* Table */,
				6B4A1EB9257293B500E51F15 /* Collection */,
			);
			path = Cells;
			sourceTree = "<group>";
		};
/* End PBXGroup section */

/* Begin PBXNativeTarget section */
		6BCE8C0C256B879200461445 /* AppleMusic */ = {
			isa = PBXNativeTarget;
			buildConfigurationList = 6BCE8C21256B879300461445 /* Build configuration list for PBXNativeTarget "AppleMusic" */;
			buildPhases = (
				6BCE8C09256B879200461445 /* Sources */,
				6BCE8C0A256B879200461445 /* Frameworks */,
				6BCE8C0B256B879200461445 /* Resources */,
			);
			buildRules = (
			);
			dependencies = (
			);
			name = AppleMusic;
			productName = AppleMusic;
			productReference = 6BCE8C0D256B879200461445 /* AppleMusic.app */;
			productType = "com.apple.product-type.application";
		};
/* End PBXNativeTarget section */

/* Begin PBXProject section */
		6BCE8C05256B879200461445 /* Project object */ = {
			isa = PBXProject;
			attributes = {
				LastSwiftUpdateCheck = 1220;
				LastUpgradeCheck = 1220;
				TargetAttributes = {
					6BCE8C0C256B879200461445 = {
						CreatedOnToolsVersion = 12.2;
					};
				};
			};
			buildConfigurationList = 6BCE8C08256B879200461445 /* Build configuration list for PBXProject "AppleMusic" */;
			compatibilityVersion = "Xcode 9.3";
			developmentRegion = en;
			hasScannedForEncodings = 0;
			knownRegions = (
				en,
				Base,
			);
			mainGroup = 6BCE8C04256B879200461445;
			productRefGroup = 6BCE8C0E256B879200461445 /* Products */;
			projectDirPath = "";
			projectRoot = "";
			targets = (
				6BCE8C0C256B879200461445 /* AppleMusic */,
			);
		};
/* End PBXProject section */

/* Begin PBXResourcesBuildPhase section */
		6BCE8C0B256B879200461445 /* Resources */ = {
			isa = PBXResourcesBuildPhase;
			buildActionMask = 2147483647;
			files = (
				6B74D6A4257A4A3900AB9F34 /* RectangleTVCell.xib in Resources */,
				6B43C38D2574CCB600D0116E /* MainCVCell.xib in Resources */,
				6B772A0A25766F8A004CF8B0 /* TabBar.storyboard in Resources */,
				6BCE8C1D256B879300461445 /* LaunchScreen.storyboard in Resources */,
				6BC466E825735C8D0010F5A3 /* SquareCVCell.xib in Resources */,
				6BCE8C1A256B879300461445 /* Assets.xcassets in Resources */,
				6BCE8C2A256B89F900461445 /* LookAround.storyboard in Resources */,
				6B1F2057257890A100344B97 /* SquareTVCell.xib in Resources */,
				6BCE8C41256BFF4D00461445 /* FirstCollection.storyboard in Resources */,
				6B1F204F2577DB6800344B97 /* LATVCell1.xib in Resources */,
				6B74D6A9257A4C1A00AB9F34 /* RectangleCVCell.xib in Resources */,
				6BCE8C18256B879200461445 /* Main.storyboard in Resources */,
			);
			runOnlyForDeploymentPostprocessing = 0;
		};
/* End PBXResourcesBuildPhase section */

/* Begin PBXSourcesBuildPhase section */
		6BCE8C09256B879200461445 /* Sources */ = {
			isa = PBXSourcesBuildPhase;
			buildActionMask = 2147483647;
			files = (
				6BCE8C2D256B8A1100461445 /* LookAroundVC.swift in Sources */,
				6BCE8C38256B94F300461445 /* FirstCollectionCell.swift in Sources */,
				6B1F2056257890A100344B97 /* SquareTVCell.swift in Sources */,
				6BC466E3257357F70010F5A3 /* LATableCell9.swift in Sources */,
				6B59C4DD257142310078448B /* LATableCell2.swift in Sources */,
				6BC466E0257357EA0010F5A3 /* LATableCell8.swift in Sources */,
				6B74D6A8257A4C1A00AB9F34 /* RectangleCVCell.swift in Sources */,
				6B74D6A3257A4A3900AB9F34 /* RectangleTVCell.swift in Sources */,
				6BCE8C32256B8B5E00461445 /* LATableTitleCell.swift in Sources */,
				6BCE8C15256B879200461445 /* ViewController.swift in Sources */,
				6B772A112576705D004CF8B0 /* TabBarVC.swift in Sources */,
				6BCE8C35256B937800461445 /* LATableCell1.swift in Sources */,
				6BC466E725735C8D0010F5A3 /* SquareCVCell.swift in Sources */,
				6BCE8C11256B879200461445 /* AppDelegate.swift in Sources */,
				6BCE8C13256B879200461445 /* SceneDelegate.swift in Sources */,
				6BC466DD257357E00010F5A3 /* LATableCell7.swift in Sources */,
				6B43C38C2574CCB600D0116E /* MainCVCell.swift in Sources */,
				6B1F204E2577DB6800344B97 /* LATVCell1.swift in Sources */,
				6BC466D7257357CD0010F5A3 /* LATableCell5.swift in Sources */,
				6B4A1EBF257293E400E51F15 /* LATableCell4.swift in Sources */,
				6B4A1EBB257293D900E51F15 /* LATableCell3.swift in Sources */,
				6BC466DA257357D70010F5A3 /* LATableCell6.swift in Sources */,
				6BCE8C47256C02BF00461445 /* LATableViewController.swift in Sources */,
				6BCE8C44256BFFAD00461445 /* FirstCollectionVC.swift in Sources */,
			);
			runOnlyForDeploymentPostprocessing = 0;
		};
/* End PBXSourcesBuildPhase section */

/* Begin PBXVariantGroup section */
		6BCE8C16256B879200461445 /* Main.storyboard */ = {
			isa = PBXVariantGroup;
			children = (
				6BCE8C17256B879200461445 /* Base */,
			);
			name = Main.storyboard;
			sourceTree = "<group>";
		};
		6BCE8C1B256B879300461445 /* LaunchScreen.storyboard */ = {
			isa = PBXVariantGroup;
			children = (
				6BCE8C1C256B879300461445 /* Base */,
			);
			name = LaunchScreen.storyboard;
			sourceTree = "<group>";
		};
/* End PBXVariantGroup section */

/* Begin XCBuildConfiguration section */
		6BCE8C1F256B879300461445 /* Debug */ = {
			isa = XCBuildConfiguration;
			buildSettings = {
				ALWAYS_SEARCH_USER_PATHS = NO;
				CLANG_ANALYZER_NONNULL = YES;
				CLANG_ANALYZER_NUMBER_OBJECT_CONVERSION = YES_AGGRESSIVE;
				CLANG_CXX_LANGUAGE_STANDARD = "gnu++14";
				CLANG_CXX_LIBRARY = "libc++";
				CLANG_ENABLE_MODULES = YES;
				CLANG_ENABLE_OBJC_ARC = YES;
				CLANG_ENABLE_OBJC_WEAK = YES;
				CLANG_WARN_BLOCK_CAPTURE_AUTORELEASING = YES;
				CLANG_WARN_BOOL_CONVERSION = YES;
				CLANG_WARN_COMMA = YES;
				CLANG_WARN_CONSTANT_CONVERSION = YES;
				CLANG_WARN_DEPRECATED_OBJC_IMPLEMENTATIONS = YES;
				CLANG_WARN_DIRECT_OBJC_ISA_USAGE = YES_ERROR;
				CLANG_WARN_DOCUMENTATION_COMMENTS = YES;
				CLANG_WARN_EMPTY_BODY = YES;
				CLANG_WARN_ENUM_CONVERSION = YES;
				CLANG_WARN_INFINITE_RECURSION = YES;
				CLANG_WARN_INT_CONVERSION = YES;
				CLANG_WARN_NON_LITERAL_NULL_CONVERSION = YES;
				CLANG_WARN_OBJC_IMPLICIT_RETAIN_SELF = YES;
				CLANG_WARN_OBJC_LITERAL_CONVERSION = YES;
				CLANG_WARN_OBJC_ROOT_CLASS = YES_ERROR;
				CLANG_WARN_QUOTED_INCLUDE_IN_FRAMEWORK_HEADER = YES;
				CLANG_WARN_RANGE_LOOP_ANALYSIS = YES;
				CLANG_WARN_STRICT_PROTOTYPES = YES;
				CLANG_WARN_SUSPICIOUS_MOVE = YES;
				CLANG_WARN_UNGUARDED_AVAILABILITY = YES_AGGRESSIVE;
				CLANG_WARN_UNREACHABLE_CODE = YES;
				CLANG_WARN__DUPLICATE_METHOD_MATCH = YES;
				COPY_PHASE_STRIP = NO;
				DEBUG_INFORMATION_FORMAT = dwarf;
				ENABLE_STRICT_OBJC_MSGSEND = YES;
				ENABLE_TESTABILITY = YES;
				GCC_C_LANGUAGE_STANDARD = gnu11;
				GCC_DYNAMIC_NO_PIC = NO;
				GCC_NO_COMMON_BLOCKS = YES;
				GCC_OPTIMIZATION_LEVEL = 0;
				GCC_PREPROCESSOR_DEFINITIONS = (
					"DEBUG=1",
					"$(inherited)",
				);
				GCC_WARN_64_TO_32_BIT_CONVERSION = YES;
				GCC_WARN_ABOUT_RETURN_TYPE = YES_ERROR;
				GCC_WARN_UNDECLARED_SELECTOR = YES;
				GCC_WARN_UNINITIALIZED_AUTOS = YES_AGGRESSIVE;
				GCC_WARN_UNUSED_FUNCTION = YES;
				GCC_WARN_UNUSED_VARIABLE = YES;
				IPHONEOS_DEPLOYMENT_TARGET = 14.2;
				MTL_ENABLE_DEBUG_INFO = INCLUDE_SOURCE;
				MTL_FAST_MATH = YES;
				ONLY_ACTIVE_ARCH = YES;
				SDKROOT = iphoneos;
				SWIFT_ACTIVE_COMPILATION_CONDITIONS = DEBUG;
				SWIFT_OPTIMIZATION_LEVEL = "-Onone";
			};
			name = Debug;
		};
		6BCE8C20256B879300461445 /* Release */ = {
			isa = XCBuildConfiguration;
			buildSettings = {
				ALWAYS_SEARCH_USER_PATHS = NO;
				CLANG_ANALYZER_NONNULL = YES;
				CLANG_ANALYZER_NUMBER_OBJECT_CONVERSION = YES_AGGRESSIVE;
				CLANG_CXX_LANGUAGE_STANDARD = "gnu++14";
				CLANG_CXX_LIBRARY = "libc++";
				CLANG_ENABLE_MODULES = YES;
				CLANG_ENABLE_OBJC_ARC = YES;
				CLANG_ENABLE_OBJC_WEAK = YES;
				CLANG_WARN_BLOCK_CAPTURE_AUTORELEASING = YES;
				CLANG_WARN_BOOL_CONVERSION = YES;
				CLANG_WARN_COMMA = YES;
				CLANG_WARN_CONSTANT_CONVERSION = YES;
				CLANG_WARN_DEPRECATED_OBJC_IMPLEMENTATIONS = YES;
				CLANG_WARN_DIRECT_OBJC_ISA_USAGE = YES_ERROR;
				CLANG_WARN_DOCUMENTATION_COMMENTS = YES;
				CLANG_WARN_EMPTY_BODY = YES;
				CLANG_WARN_ENUM_CONVERSION = YES;
				CLANG_WARN_INFINITE_RECURSION = YES;
				CLANG_WARN_INT_CONVERSION = YES;
				CLANG_WARN_NON_LITERAL_NULL_CONVERSION = YES;
				CLANG_WARN_OBJC_IMPLICIT_RETAIN_SELF = YES;
				CLANG_WARN_OBJC_LITERAL_CONVERSION = YES;
				CLANG_WARN_OBJC_ROOT_CLASS = YES_ERROR;
				CLANG_WARN_QUOTED_INCLUDE_IN_FRAMEWORK_HEADER = YES;
				CLANG_WARN_RANGE_LOOP_ANALYSIS = YES;
				CLANG_WARN_STRICT_PROTOTYPES = YES;
				CLANG_WARN_SUSPICIOUS_MOVE = YES;
				CLANG_WARN_UNGUARDED_AVAILABILITY = YES_AGGRESSIVE;
				CLANG_WARN_UNREACHABLE_CODE = YES;
				CLANG_WARN__DUPLICATE_METHOD_MATCH = YES;
				COPY_PHASE_STRIP = NO;
				DEBUG_INFORMATION_FORMAT = "dwarf-with-dsym";
				ENABLE_NS_ASSERTIONS = NO;
				ENABLE_STRICT_OBJC_MSGSEND = YES;
				GCC_C_LANGUAGE_STANDARD = gnu11;
				GCC_NO_COMMON_BLOCKS = YES;
				GCC_WARN_64_TO_32_BIT_CONVERSION = YES;
				GCC_WARN_ABOUT_RETURN_TYPE = YES_ERROR;
				GCC_WARN_UNDECLARED_SELECTOR = YES;
				GCC_WARN_UNINITIALIZED_AUTOS = YES_AGGRESSIVE;
				GCC_WARN_UNUSED_FUNCTION = YES;
				GCC_WARN_UNUSED_VARIABLE = YES;
				IPHONEOS_DEPLOYMENT_TARGET = 14.2;
				MTL_ENABLE_DEBUG_INFO = NO;
				MTL_FAST_MATH = YES;
				SDKROOT = iphoneos;
				SWIFT_COMPILATION_MODE = wholemodule;
				SWIFT_OPTIMIZATION_LEVEL = "-O";
				VALIDATE_PRODUCT = YES;
			};
			name = Release;
		};
		6BCE8C22256B879300461445 /* Debug */ = {
			isa = XCBuildConfiguration;
			buildSettings = {
				ASSETCATALOG_COMPILER_APPICON_NAME = AppIcon;
				ASSETCATALOG_COMPILER_GLOBAL_ACCENT_COLOR_NAME = AccentColor;
				CODE_SIGN_STYLE = Automatic;
				INFOPLIST_FILE = AppleMusic/Info.plist;
				LD_RUNPATH_SEARCH_PATHS = (
					"$(inherited)",
					"@executable_path/Frameworks",
				);
				PRODUCT_BUNDLE_IDENTIFIER = yujinpark.AppleMusic;
				PRODUCT_NAME = "$(TARGET_NAME)";
				SWIFT_VERSION = 5.0;
				TARGETED_DEVICE_FAMILY = "1,2";
			};
			name = Debug;
		};
		6BCE8C23256B879300461445 /* Release */ = {
			isa = XCBuildConfiguration;
			buildSettings = {
				ASSETCATALOG_COMPILER_APPICON_NAME = AppIcon;
				ASSETCATALOG_COMPILER_GLOBAL_ACCENT_COLOR_NAME = AccentColor;
				CODE_SIGN_STYLE = Automatic;
				INFOPLIST_FILE = AppleMusic/Info.plist;
				LD_RUNPATH_SEARCH_PATHS = (
					"$(inherited)",
					"@executable_path/Frameworks",
				);
				PRODUCT_BUNDLE_IDENTIFIER = yujinpark.AppleMusic;
				PRODUCT_NAME = "$(TARGET_NAME)";
				SWIFT_VERSION = 5.0;
				TARGETED_DEVICE_FAMILY = "1,2";
			};
			name = Release;
		};
/* End XCBuildConfiguration section */

/* Begin XCConfigurationList section */
		6BCE8C08256B879200461445 /* Build configuration list for PBXProject "AppleMusic" */ = {
			isa = XCConfigurationList;
			buildConfigurations = (
				6BCE8C1F256B879300461445 /* Debug */,
				6BCE8C20256B879300461445 /* Release */,
			);
			defaultConfigurationIsVisible = 0;
			defaultConfigurationName = Release;
		};
		6BCE8C21256B879300461445 /* Build configuration list for PBXNativeTarget "AppleMusic" */ = {
			isa = XCConfigurationList;
			buildConfigurations = (
				6BCE8C22256B879300461445 /* Debug */,
				6BCE8C23256B879300461445 /* Release */,
			);
			defaultConfigurationIsVisible = 0;
			defaultConfigurationName = Release;
		};
/* End XCConfigurationList section */
	};
	rootObject = 6BCE8C05256B879200461445 /* Project object */;
}
