// !$*UTF8*$!
{
	archiveVersion = 1;
	classes = {
	};
	objectVersion = 50;
	objects = {

/* Begin PBXBuildFile section */
		6B311107254D43D500F725E0 /* AppDelegate.swift in Sources */ = {isa = PBXBuildFile; fileRef = 6B311106254D43D500F725E0 /* AppDelegate.swift */; };
		6B311109254D43D500F725E0 /* SceneDelegate.swift in Sources */ = {isa = PBXBuildFile; fileRef = 6B311108254D43D500F725E0 /* SceneDelegate.swift */; };
		6B31110B254D43D500F725E0 /* ViewController.swift in Sources */ = {isa = PBXBuildFile; fileRef = 6B31110A254D43D500F725E0 /* ViewController.swift */; };
		6B31110E254D43D500F725E0 /* Main.storyboard in Resources */ = {isa = PBXBuildFile; fileRef = 6B31110C254D43D500F725E0 /* Main.storyboard */; };
		6B311110254D43D600F725E0 /* Assets.xcassets in Resources */ = {isa = PBXBuildFile; fileRef = 6B31110F254D43D600F725E0 /* Assets.xcassets */; };
		6B311113254D43D600F725E0 /* LaunchScreen.storyboard in Resources */ = {isa = PBXBuildFile; fileRef = 6B311111254D43D600F725E0 /* LaunchScreen.storyboard */; };
		6B31111C254D43EF00F725E0 /* Home.storyboard in Resources */ = {isa = PBXBuildFile; fileRef = 6B31111B254D43EF00F725E0 /* Home.storyboard */; };
		6B31111F254D442C00F725E0 /* HomeViewController.swift in Sources */ = {isa = PBXBuildFile; fileRef = 6B31111E254D442C00F725E0 /* HomeViewController.swift */; };
		6BAB9945254EC6D700804861 /* ItemListCell.swift in Sources */ = {isa = PBXBuildFile; fileRef = 6BAB9944254EC6D700804861 /* ItemListCell.swift */; };
		6BAB9948254ECA1700804861 /* Item.swift in Sources */ = {isa = PBXBuildFile; fileRef = 6BAB9947254ECA1700804861 /* Item.swift */; };
		6BAB994F254ED17B00804861 /* TableViewVC.swift in Sources */ = {isa = PBXBuildFile; fileRef = 6BAB994E254ED17B00804861 /* TableViewVC.swift */; };
		6BC62B4625590C3200342A85 /* ItemDetailVC.swift in Sources */ = {isa = PBXBuildFile; fileRef = 6BC62B4525590C3200342A85 /* ItemDetailVC.swift */; };
		6BC62B4A2559183900342A85 /* topViewVC.swift in Sources */ = {isa = PBXBuildFile; fileRef = 6BC62B492559183900342A85 /* topViewVC.swift */; };
		6BC62B502559476900342A85 /* ImageDetailCell.swift in Sources */ = {isa = PBXBuildFile; fileRef = 6BC62B4F2559476900342A85 /* ImageDetailCell.swift */; };
		6BC836A22560F32F00C2A3ED /* Locals.storyboard in Resources */ = {isa = PBXBuildFile; fileRef = 6BC836A12560F32F00C2A3ED /* Locals.storyboard */; };
		6BC836A52560F35600C2A3ED /* LocalsVC.swift in Sources */ = {isa = PBXBuildFile; fileRef = 6BC836A42560F35600C2A3ED /* LocalsVC.swift */; };
		6BC836A925623F4700C2A3ED /* LocalItem.swift in Sources */ = {isa = PBXBuildFile; fileRef = 6BC836A825623F4700C2A3ED /* LocalItem.swift */; };
		6BC836AD256252C100C2A3ED /* LocalPageCell.swift in Sources */ = {isa = PBXBuildFile; fileRef = 6BC836AC256252C100C2A3ED /* LocalPageCell.swift */; };
		6BC836B125627C7B00C2A3ED /* itemDetailImageCell.swift in Sources */ = {isa = PBXBuildFile; fileRef = 6BC836B025627C7B00C2A3ED /* itemDetailImageCell.swift */; };
		6BC836B425627E1000C2A3ED /* imageDetailCollectionCell.swift in Sources */ = {isa = PBXBuildFile; fileRef = 6BC836B325627E1000C2A3ED /* imageDetailCollectionCell.swift */; };
		6BC836B7256286E700C2A3ED /* ProfileTableCell.swift in Sources */ = {isa = PBXBuildFile; fileRef = 6BC836B6256286E700C2A3ED /* ProfileTableCell.swift */; };
		6BC836BA25628E7900C2A3ED /* bodyTableCell.swift in Sources */ = {isa = PBXBuildFile; fileRef = 6BC836B925628E7900C2A3ED /* bodyTableCell.swift */; };
		6BC836BD2562906100C2A3ED /* ReportTableCell.swift in Sources */ = {isa = PBXBuildFile; fileRef = 6BC836BC2562906100C2A3ED /* ReportTableCell.swift */; };
		6BDFC6012557999000CE5CB9 /* TabBarController.swift in Sources */ = {isa = PBXBuildFile; fileRef = 6BDFC6002557999000CE5CB9 /* TabBarController.swift */; };
		6BDFC6042557BC6900CE5CB9 /* HomeCollectionCell.swift in Sources */ = {isa = PBXBuildFile; fileRef = 6BDFC6032557BC6900CE5CB9 /* HomeCollectionCell.swift */; };
/* End PBXBuildFile section */

/* Begin PBXFileReference section */
		6B311103254D43D500F725E0 /* CarrotMarket.app */ = {isa = PBXFileReference; explicitFileType = wrapper.application; includeInIndex = 0; path = CarrotMarket.app; sourceTree = BUILT_PRODUCTS_DIR; };
		6B311106254D43D500F725E0 /* AppDelegate.swift */ = {isa = PBXFileReference; lastKnownFileType = sourcecode.swift; path = AppDelegate.swift; sourceTree = "<group>"; };
		6B311108254D43D500F725E0 /* SceneDelegate.swift */ = {isa = PBXFileReference; lastKnownFileType = sourcecode.swift; path = SceneDelegate.swift; sourceTree = "<group>"; };
		6B31110A254D43D500F725E0 /* ViewController.swift */ = {isa = PBXFileReference; lastKnownFileType = sourcecode.swift; path = ViewController.swift; sourceTree = "<group>"; };
		6B31110D254D43D500F725E0 /* Base */ = {isa = PBXFileReference; lastKnownFileType = file.storyboard; name = Base; path = Base.lproj/Main.storyboard; sourceTree = "<group>"; };
		6B31110F254D43D600F725E0 /* Assets.xcassets */ = {isa = PBXFileReference; lastKnownFileType = folder.assetcatalog; path = Assets.xcassets; sourceTree = "<group>"; };
		6B311112254D43D600F725E0 /* Base */ = {isa = PBXFileReference; lastKnownFileType = file.storyboard; name = Base; path = Base.lproj/LaunchScreen.storyboard; sourceTree = "<group>"; };
		6B311114254D43D600F725E0 /* Info.plist */ = {isa = PBXFileReference; lastKnownFileType = text.plist.xml; path = Info.plist; sourceTree = "<group>"; };
		6B31111B254D43EF00F725E0 /* Home.storyboard */ = {isa = PBXFileReference; lastKnownFileType = file.storyboard; path = Home.storyboard; sourceTree = "<group>"; };
		6B31111E254D442C00F725E0 /* HomeViewController.swift */ = {isa = PBXFileReference; lastKnownFileType = sourcecode.swift; path = HomeViewController.swift; sourceTree = "<group>"; usesTabs = 0; };
		6BAB9944254EC6D700804861 /* ItemListCell.swift */ = {isa = PBXFileReference; lastKnownFileType = sourcecode.swift; path = ItemListCell.swift; sourceTree = "<group>"; };
		6BAB9947254ECA1700804861 /* Item.swift */ = {isa = PBXFileReference; lastKnownFileType = sourcecode.swift; path = Item.swift; sourceTree = "<group>"; };
		6BAB994E254ED17B00804861 /* TableViewVC.swift */ = {isa = PBXFileReference; lastKnownFileType = sourcecode.swift; path = TableViewVC.swift; sourceTree = "<group>"; };
		6BC62B4525590C3200342A85 /* ItemDetailVC.swift */ = {isa = PBXFileReference; lastKnownFileType = sourcecode.swift; path = ItemDetailVC.swift; sourceTree = "<group>"; };
		6BC62B492559183900342A85 /* topViewVC.swift */ = {isa = PBXFileReference; lastKnownFileType = sourcecode.swift; path = topViewVC.swift; sourceTree = "<group>"; };
		6BC62B4F2559476900342A85 /* ImageDetailCell.swift */ = {isa = PBXFileReference; lastKnownFileType = sourcecode.swift; path = ImageDetailCell.swift; sourceTree = "<group>"; };
		6BC836A12560F32F00C2A3ED /* Locals.storyboard */ = {isa = PBXFileReference; lastKnownFileType = file.storyboard; path = Locals.storyboard; sourceTree = "<group>"; };
		6BC836A42560F35600C2A3ED /* LocalsVC.swift */ = {isa = PBXFileReference; lastKnownFileType = sourcecode.swift; path = LocalsVC.swift; sourceTree = "<group>"; };
		6BC836A825623F4700C2A3ED /* LocalItem.swift */ = {isa = PBXFileReference; lastKnownFileType = sourcecode.swift; path = LocalItem.swift; sourceTree = "<group>"; };
		6BC836AC256252C100C2A3ED /* LocalPageCell.swift */ = {isa = PBXFileReference; lastKnownFileType = sourcecode.swift; path = LocalPageCell.swift; sourceTree = "<group>"; };
		6BC836B025627C7B00C2A3ED /* itemDetailImageCell.swift */ = {isa = PBXFileReference; lastKnownFileType = sourcecode.swift; path = itemDetailImageCell.swift; sourceTree = "<group>"; };
		6BC836B325627E1000C2A3ED /* imageDetailCollectionCell.swift */ = {isa = PBXFileReference; lastKnownFileType = sourcecode.swift; path = imageDetailCollectionCell.swift; sourceTree = "<group>"; };
		6BC836B6256286E700C2A3ED /* ProfileTableCell.swift */ = {isa = PBXFileReference; lastKnownFileType = sourcecode.swift; path = ProfileTableCell.swift; sourceTree = "<group>"; };
		6BC836B925628E7900C2A3ED /* bodyTableCell.swift */ = {isa = PBXFileReference; lastKnownFileType = sourcecode.swift; path = bodyTableCell.swift; sourceTree = "<group>"; };
		6BC836BC2562906100C2A3ED /* ReportTableCell.swift */ = {isa = PBXFileReference; lastKnownFileType = sourcecode.swift; path = ReportTableCell.swift; sourceTree = "<group>"; };
		6BDFC6002557999000CE5CB9 /* TabBarController.swift */ = {isa = PBXFileReference; lastKnownFileType = sourcecode.swift; path = TabBarController.swift; sourceTree = "<group>"; };
		6BDFC6032557BC6900CE5CB9 /* HomeCollectionCell.swift */ = {isa = PBXFileReference; lastKnownFileType = sourcecode.swift; path = HomeCollectionCell.swift; sourceTree = "<group>"; };
/* End PBXFileReference section */

/* Begin PBXFrameworksBuildPhase section */
		6B311100254D43D500F725E0 /* Frameworks */ = {
			isa = PBXFrameworksBuildPhase;
			buildActionMask = 2147483647;
			files = (
			);
			runOnlyForDeploymentPostprocessing = 0;
		};
/* End PBXFrameworksBuildPhase section */

/* Begin PBXGroup section */
		6B3110FA254D43D500F725E0 = {
			isa = PBXGroup;
			children = (
				6B311105254D43D500F725E0 /* CarrotMarket */,
				6B311104254D43D500F725E0 /* Products */,
			);
			sourceTree = "<group>";
		};
		6B311104254D43D500F725E0 /* Products */ = {
			isa = PBXGroup;
			children = (
				6B311103254D43D500F725E0 /* CarrotMarket.app */,
			);
			name = Products;
			sourceTree = "<group>";
		};
		6B311105254D43D500F725E0 /* CarrotMarket */ = {
			isa = PBXGroup;
			children = (
				6BC836962560DB0B00C2A3ED /* Resources */,
				6BC836982560DB6700C2A3ED /* Sources */,
				6B311114254D43D600F725E0 /* Info.plist */,
			);
			path = CarrotMarket;
			sourceTree = "<group>";
		};
		6BC836962560DB0B00C2A3ED /* Resources */ = {
			isa = PBXGroup;
			children = (
				6B31110F254D43D600F725E0 /* Assets.xcassets */,
				6B311106254D43D500F725E0 /* AppDelegate.swift */,
				6B311108254D43D500F725E0 /* SceneDelegate.swift */,
				6BC836972560DB2700C2A3ED /* Storyboards */,
			);
			path = Resources;
			sourceTree = "<group>";
		};
		6BC836972560DB2700C2A3ED /* Storyboards */ = {
			isa = PBXGroup;
			children = (
				6B31111B254D43EF00F725E0 /* Home.storyboard */,
				6B31110C254D43D500F725E0 /* Main.storyboard */,
				6B311111254D43D600F725E0 /* LaunchScreen.storyboard */,
				6BC836A12560F32F00C2A3ED /* Locals.storyboard */,
			);
			path = Storyboards;
			sourceTree = "<group>";
		};
		6BC836982560DB6700C2A3ED /* Sources */ = {
			isa = PBXGroup;
			children = (
				6BC8369C2560EBD100C2A3ED /* Models */,
				6BC8369A2560DB8D00C2A3ED /* Cells */,
				6BC836992560DB8700C2A3ED /* VCs */,
			);
			path = Sources;
			sourceTree = "<group>";
		};
		6BC836992560DB8700C2A3ED /* VCs */ = {
			isa = PBXGroup;
			children = (
				6BDFC6002557999000CE5CB9 /* TabBarController.swift */,
				6B31110A254D43D500F725E0 /* ViewController.swift */,
				6B31111E254D442C00F725E0 /* HomeViewController.swift */,
				6BC62B492559183900342A85 /* topViewVC.swift */,
				6BAB994E254ED17B00804861 /* TableViewVC.swift */,
				6BC62B4525590C3200342A85 /* ItemDetailVC.swift */,
				6BC836A42560F35600C2A3ED /* LocalsVC.swift */,
			);
			path = VCs;
			sourceTree = "<group>";
		};
		6BC8369A2560DB8D00C2A3ED /* Cells */ = {
			isa = PBXGroup;
			children = (
				6BC62B4F2559476900342A85 /* ImageDetailCell.swift */,
				6BC836AC256252C100C2A3ED /* LocalPageCell.swift */,
				6BC836BC2562906100C2A3ED /* ReportTableCell.swift */,
				6BAB9944254EC6D700804861 /* ItemListCell.swift */,
				6BC836B925628E7900C2A3ED /* bodyTableCell.swift */,
				6BC836B325627E1000C2A3ED /* imageDetailCollectionCell.swift */,
				6BDFC6032557BC6900CE5CB9 /* HomeCollectionCell.swift */,
				6BC836B025627C7B00C2A3ED /* itemDetailImageCell.swift */,
				6BC836B6256286E700C2A3ED /* ProfileTableCell.swift */,
			);
			path = Cells;
			sourceTree = "<group>";
		};
		6BC8369C2560EBD100C2A3ED /* Models */ = {
			isa = PBXGroup;
			children = (
				6BAB9947254ECA1700804861 /* Item.swift */,
				6BC836A825623F4700C2A3ED /* LocalItem.swift */,
			);
			path = Models;
			sourceTree = "<group>";
		};
/* End PBXGroup section */

/* Begin PBXNativeTarget section */
		6B311102254D43D500F725E0 /* CarrotMarket */ = {
			isa = PBXNativeTarget;
			buildConfigurationList = 6B311117254D43D600F725E0 /* Build configuration list for PBXNativeTarget "CarrotMarket" */;
			buildPhases = (
				6B3110FF254D43D500F725E0 /* Sources */,
				6B311100254D43D500F725E0 /* Frameworks */,
				6B311101254D43D500F725E0 /* Resources */,
			);
			buildRules = (
			);
			dependencies = (
			);
			name = CarrotMarket;
			productName = CarrotMarket;
			productReference = 6B311103254D43D500F725E0 /* CarrotMarket.app */;
			productType = "com.apple.product-type.application";
		};
/* End PBXNativeTarget section */

/* Begin PBXProject section */
		6B3110FB254D43D500F725E0 /* Project object */ = {
			isa = PBXProject;
			attributes = {
				LastSwiftUpdateCheck = 1210;
				LastUpgradeCheck = 1210;
				TargetAttributes = {
					6B311102254D43D500F725E0 = {
						CreatedOnToolsVersion = 12.1;
					};
				};
			};
			buildConfigurationList = 6B3110FE254D43D500F725E0 /* Build configuration list for PBXProject "CarrotMarket" */;
			compatibilityVersion = "Xcode 9.3";
			developmentRegion = en;
			hasScannedForEncodings = 0;
			knownRegions = (
				en,
				Base,
			);
			mainGroup = 6B3110FA254D43D500F725E0;
			productRefGroup = 6B311104254D43D500F725E0 /* Products */;
			projectDirPath = "";
			projectRoot = "";
			targets = (
				6B311102254D43D500F725E0 /* CarrotMarket */,
			);
		};
/* End PBXProject section */

/* Begin PBXResourcesBuildPhase section */
		6B311101254D43D500F725E0 /* Resources */ = {
			isa = PBXResourcesBuildPhase;
			buildActionMask = 2147483647;
			files = (
				6B311113254D43D600F725E0 /* LaunchScreen.storyboard in Resources */,
				6BC836A22560F32F00C2A3ED /* Locals.storyboard in Resources */,
				6B311110254D43D600F725E0 /* Assets.xcassets in Resources */,
				6B31110E254D43D500F725E0 /* Main.storyboard in Resources */,
				6B31111C254D43EF00F725E0 /* Home.storyboard in Resources */,
			);
			runOnlyForDeploymentPostprocessing = 0;
		};
/* End PBXResourcesBuildPhase section */

/* Begin PBXSourcesBuildPhase section */
		6B3110FF254D43D500F725E0 /* Sources */ = {
			isa = PBXSourcesBuildPhase;
			buildActionMask = 2147483647;
			files = (
				6BC836BD2562906100C2A3ED /* ReportTableCell.swift in Sources */,
				6B31110B254D43D500F725E0 /* ViewController.swift in Sources */,
				6BDFC6042557BC6900CE5CB9 /* HomeCollectionCell.swift in Sources */,
				6BC836B425627E1000C2A3ED /* imageDetailCollectionCell.swift in Sources */,
				6BDFC6012557999000CE5CB9 /* TabBarController.swift in Sources */,
				6BC836BA25628E7900C2A3ED /* bodyTableCell.swift in Sources */,
				6BC836B7256286E700C2A3ED /* ProfileTableCell.swift in Sources */,
				6B311107254D43D500F725E0 /* AppDelegate.swift in Sources */,
				6BC836A925623F4700C2A3ED /* LocalItem.swift in Sources */,
				6B311109254D43D500F725E0 /* SceneDelegate.swift in Sources */,
				6BC836AD256252C100C2A3ED /* LocalPageCell.swift in Sources */,
				6BC62B4A2559183900342A85 /* topViewVC.swift in Sources */,
				6B31111F254D442C00F725E0 /* HomeViewController.swift in Sources */,
				6BC836B125627C7B00C2A3ED /* itemDetailImageCell.swift in Sources */,
				6BAB9948254ECA1700804861 /* Item.swift in Sources */,
				6BAB994F254ED17B00804861 /* TableViewVC.swift in Sources */,
				6BC62B502559476900342A85 /* ImageDetailCell.swift in Sources */,
				6BC62B4625590C3200342A85 /* ItemDetailVC.swift in Sources */,
				6BC836A52560F35600C2A3ED /* LocalsVC.swift in Sources */,
				6BAB9945254EC6D700804861 /* ItemListCell.swift in Sources */,
			);
			runOnlyForDeploymentPostprocessing = 0;
		};
/* End PBXSourcesBuildPhase section */

/* Begin PBXVariantGroup section */
		6B31110C254D43D500F725E0 /* Main.storyboard */ = {
			isa = PBXVariantGroup;
			children = (
				6B31110D254D43D500F725E0 /* Base */,
			);
			name = Main.storyboard;
			sourceTree = "<group>";
		};
		6B311111254D43D600F725E0 /* LaunchScreen.storyboard */ = {
			isa = PBXVariantGroup;
			children = (
				6B311112254D43D600F725E0 /* Base */,
			);
			name = LaunchScreen.storyboard;
			sourceTree = "<group>";
		};
/* End PBXVariantGroup section */

/* Begin XCBuildConfiguration section */
		6B311115254D43D600F725E0 /* Debug */ = {
			isa = XCBuildConfiguration;
			buildSettings = {
				ALWAYS_SEARCH_USER_PATHS = NO;
				CLANG_ANALYZER_NONNULL = YES;
				CLANG_ANALYZER_NUMBER_OBJECT_CONVERSION = YES_AGGRESSIVE;
				CLANG_CXX_LANGUAGE_STANDARD = "gnu++14";
				CLANG_CXX_LIBRARY = "libc++";
				CLANG_ENABLE_MODULES = YES;
				CLANG_ENABLE_OBJC_ARC = YES;
				CLANG_ENABLE_OBJC_WEAK = YES;
				CLANG_WARN_BLOCK_CAPTURE_AUTORELEASING = YES;
				CLANG_WARN_BOOL_CONVERSION = YES;
				CLANG_WARN_COMMA = YES;
				CLANG_WARN_CONSTANT_CONVERSION = YES;
				CLANG_WARN_DEPRECATED_OBJC_IMPLEMENTATIONS = YES;
				CLANG_WARN_DIRECT_OBJC_ISA_USAGE = YES_ERROR;
				CLANG_WARN_DOCUMENTATION_COMMENTS = YES;
				CLANG_WARN_EMPTY_BODY = YES;
				CLANG_WARN_ENUM_CONVERSION = YES;
				CLANG_WARN_INFINITE_RECURSION = YES;
				CLANG_WARN_INT_CONVERSION = YES;
				CLANG_WARN_NON_LITERAL_NULL_CONVERSION = YES;
				CLANG_WARN_OBJC_IMPLICIT_RETAIN_SELF = YES;
				CLANG_WARN_OBJC_LITERAL_CONVERSION = YES;
				CLANG_WARN_OBJC_ROOT_CLASS = YES_ERROR;
				CLANG_WARN_QUOTED_INCLUDE_IN_FRAMEWORK_HEADER = YES;
				CLANG_WARN_RANGE_LOOP_ANALYSIS = YES;
				CLANG_WARN_STRICT_PROTOTYPES = YES;
				CLANG_WARN_SUSPICIOUS_MOVE = YES;
				CLANG_WARN_UNGUARDED_AVAILABILITY = YES_AGGRESSIVE;
				CLANG_WARN_UNREACHABLE_CODE = YES;
				CLANG_WARN__DUPLICATE_METHOD_MATCH = YES;
				COPY_PHASE_STRIP = NO;
				DEBUG_INFORMATION_FORMAT = dwarf;
				ENABLE_STRICT_OBJC_MSGSEND = YES;
				ENABLE_TESTABILITY = YES;
				GCC_C_LANGUAGE_STANDARD = gnu11;
				GCC_DYNAMIC_NO_PIC = NO;
				GCC_NO_COMMON_BLOCKS = YES;
				GCC_OPTIMIZATION_LEVEL = 0;
				GCC_PREPROCESSOR_DEFINITIONS = (
					"DEBUG=1",
					"$(inherited)",
				);
				GCC_WARN_64_TO_32_BIT_CONVERSION = YES;
				GCC_WARN_ABOUT_RETURN_TYPE = YES_ERROR;
				GCC_WARN_UNDECLARED_SELECTOR = YES;
				GCC_WARN_UNINITIALIZED_AUTOS = YES_AGGRESSIVE;
				GCC_WARN_UNUSED_FUNCTION = YES;
				GCC_WARN_UNUSED_VARIABLE = YES;
				IPHONEOS_DEPLOYMENT_TARGET = 14.1;
				MTL_ENABLE_DEBUG_INFO = INCLUDE_SOURCE;
				MTL_FAST_MATH = YES;
				ONLY_ACTIVE_ARCH = YES;
				SDKROOT = iphoneos;
				SWIFT_ACTIVE_COMPILATION_CONDITIONS = DEBUG;
				SWIFT_OPTIMIZATION_LEVEL = "-Onone";
			};
			name = Debug;
		};
		6B311116254D43D600F725E0 /* Release */ = {
			isa = XCBuildConfiguration;
			buildSettings = {
				ALWAYS_SEARCH_USER_PATHS = NO;
				CLANG_ANALYZER_NONNULL = YES;
				CLANG_ANALYZER_NUMBER_OBJECT_CONVERSION = YES_AGGRESSIVE;
				CLANG_CXX_LANGUAGE_STANDARD = "gnu++14";
				CLANG_CXX_LIBRARY = "libc++";
				CLANG_ENABLE_MODULES = YES;
				CLANG_ENABLE_OBJC_ARC = YES;
				CLANG_ENABLE_OBJC_WEAK = YES;
				CLANG_WARN_BLOCK_CAPTURE_AUTORELEASING = YES;
				CLANG_WARN_BOOL_CONVERSION = YES;
				CLANG_WARN_COMMA = YES;
				CLANG_WARN_CONSTANT_CONVERSION = YES;
				CLANG_WARN_DEPRECATED_OBJC_IMPLEMENTATIONS = YES;
				CLANG_WARN_DIRECT_OBJC_ISA_USAGE = YES_ERROR;
				CLANG_WARN_DOCUMENTATION_COMMENTS = YES;
				CLANG_WARN_EMPTY_BODY = YES;
				CLANG_WARN_ENUM_CONVERSION = YES;
				CLANG_WARN_INFINITE_RECURSION = YES;
				CLANG_WARN_INT_CONVERSION = YES;
				CLANG_WARN_NON_LITERAL_NULL_CONVERSION = YES;
				CLANG_WARN_OBJC_IMPLICIT_RETAIN_SELF = YES;
				CLANG_WARN_OBJC_LITERAL_CONVERSION = YES;
				CLANG_WARN_OBJC_ROOT_CLASS = YES_ERROR;
				CLANG_WARN_QUOTED_INCLUDE_IN_FRAMEWORK_HEADER = YES;
				CLANG_WARN_RANGE_LOOP_ANALYSIS = YES;
				CLANG_WARN_STRICT_PROTOTYPES = YES;
				CLANG_WARN_SUSPICIOUS_MOVE = YES;
				CLANG_WARN_UNGUARDED_AVAILABILITY = YES_AGGRESSIVE;
				CLANG_WARN_UNREACHABLE_CODE = YES;
				CLANG_WARN__DUPLICATE_METHOD_MATCH = YES;
				COPY_PHASE_STRIP = NO;
				DEBUG_INFORMATION_FORMAT = "dwarf-with-dsym";
				ENABLE_NS_ASSERTIONS = NO;
				ENABLE_STRICT_OBJC_MSGSEND = YES;
				GCC_C_LANGUAGE_STANDARD = gnu11;
				GCC_NO_COMMON_BLOCKS = YES;
				GCC_WARN_64_TO_32_BIT_CONVERSION = YES;
				GCC_WARN_ABOUT_RETURN_TYPE = YES_ERROR;
				GCC_WARN_UNDECLARED_SELECTOR = YES;
				GCC_WARN_UNINITIALIZED_AUTOS = YES_AGGRESSIVE;
				GCC_WARN_UNUSED_FUNCTION = YES;
				GCC_WARN_UNUSED_VARIABLE = YES;
				IPHONEOS_DEPLOYMENT_TARGET = 14.1;
				MTL_ENABLE_DEBUG_INFO = NO;
				MTL_FAST_MATH = YES;
				SDKROOT = iphoneos;
				SWIFT_COMPILATION_MODE = wholemodule;
				SWIFT_OPTIMIZATION_LEVEL = "-O";
				VALIDATE_PRODUCT = YES;
			};
			name = Release;
		};
		6B311118254D43D600F725E0 /* Debug */ = {
			isa = XCBuildConfiguration;
			buildSettings = {
				ASSETCATALOG_COMPILER_APPICON_NAME = AppIcon;
				ASSETCATALOG_COMPILER_GLOBAL_ACCENT_COLOR_NAME = AccentColor;
				CODE_SIGN_STYLE = Automatic;
				INFOPLIST_FILE = CarrotMarket/Info.plist;
				LD_RUNPATH_SEARCH_PATHS = (
					"$(inherited)",
					"@executable_path/Frameworks",
				);
				PRODUCT_BUNDLE_IDENTIFIER = yujinpark.CarrotMarket;
				PRODUCT_NAME = "$(TARGET_NAME)";
				SWIFT_VERSION = 5.0;
				TARGETED_DEVICE_FAMILY = "1,2";
			};
			name = Debug;
		};
		6B311119254D43D600F725E0 /* Release */ = {
			isa = XCBuildConfiguration;
			buildSettings = {
				ASSETCATALOG_COMPILER_APPICON_NAME = AppIcon;
				ASSETCATALOG_COMPILER_GLOBAL_ACCENT_COLOR_NAME = AccentColor;
				CODE_SIGN_STYLE = Automatic;
				INFOPLIST_FILE = CarrotMarket/Info.plist;
				LD_RUNPATH_SEARCH_PATHS = (
					"$(inherited)",
					"@executable_path/Frameworks",
				);
				PRODUCT_BUNDLE_IDENTIFIER = yujinpark.CarrotMarket;
				PRODUCT_NAME = "$(TARGET_NAME)";
				SWIFT_VERSION = 5.0;
				TARGETED_DEVICE_FAMILY = "1,2";
			};
			name = Release;
		};
/* End XCBuildConfiguration section */

/* Begin XCConfigurationList section */
		6B3110FE254D43D500F725E0 /* Build configuration list for PBXProject "CarrotMarket" */ = {
			isa = XCConfigurationList;
			buildConfigurations = (
				6B311115254D43D600F725E0 /* Debug */,
				6B311116254D43D600F725E0 /* Release */,
			);
			defaultConfigurationIsVisible = 0;
			defaultConfigurationName = Release;
		};
		6B311117254D43D600F725E0 /* Build configuration list for PBXNativeTarget "CarrotMarket" */ = {
			isa = XCConfigurationList;
			buildConfigurations = (
				6B311118254D43D600F725E0 /* Debug */,
				6B311119254D43D600F725E0 /* Release */,
			);
			defaultConfigurationIsVisible = 0;
			defaultConfigurationName = Release;
		};
/* End XCConfigurationList section */
	};
	rootObject = 6B3110FB254D43D500F725E0 /* Project object */;
}
